
Microsoft Visual Studio Solution File, Format Version 12.00
# Visual Studio Version 16
VisualStudioVersion = 16.0.32929.386
MinimumVisualStudioVersion = 10.0.40219.1
Project("{F2A71F9B-5D33-465A-A702-920D77279786}") = "NewBookStore", "NewBookStore\NewBookStore.fsproj", "{186DE4C0-0738-471F-9B8A-6CE65E387F3F}"
EndProject
Global
	GlobalSection(SolutionConfigurationPlatforms) = preSolution
		Debug|Any CPU = Debug|Any CPU
		Release|Any CPU = Release|Any CPU
	EndGlobalSection
	GlobalSection(ProjectConfigurationPlatforms) = postSolution
		{186DE4C0-0738-471F-9B8A-6CE65E387F3F}.Debug|Any CPU.ActiveCfg = Debug|Any CPU
		{186DE4C0-0738-471F-9B8A-6CE65E387F3F}.Debug|Any CPU.Build.0 = Debug|Any CPU
		{186DE4C0-0738-471F-9B8A-6CE65E387F3F}.Release|Any CPU.ActiveCfg = Release|Any CPU
		{186DE4C0-0738-471F-9B8A-6CE65E387F3F}.Release|Any CPU.Build.0 = Release|Any CPU
	EndGlobalSection
	GlobalSection(SolutionProperties) = preSolution
		HideSolutionNode = FALSE
	EndGlobalSection
	GlobalSection(ExtensibilityGlobals) = postSolution
		SolutionGuid = {0B8F48E9-2250-4A58-A436-B8EC22C00929}
	EndGlobalSection
EndGlobal
